
Microsoft Visual Studio Solution File, Format Version 12.00
# Visual Studio Version 16
VisualStudioVersion = 16.0.31229.75
MinimumVisualStudioVersion = 10.0.40219.1
Project("{FAE04EC0-301F-11D3-BF4B-00C04F79EFBC}") = "XamarinAndroid2.Android", "XamarinAndroid2\XamarinAndroid2.Android\XamarinAndroid2.Android.csproj", "{2DC5997E-7F6E-443B-9670-29F4DF3280DE}"
EndProject
Project("{FAE04EC0-301F-11D3-BF4B-00C04F79EFBC}") = "XamarinAndroid2", "XamarinAndroid2\XamarinAndroid2\XamarinAndroid2.csproj", "{B4848437-1263-4783-9E16-8568F4DFF08B}"
EndProject
Project("{2150E333-8FDC-42A3-9474-1A3956D46DE8}") = "folder", "folder", "{9CD85E16-68C7-4929-BCAA-CB744D204627}"
EndProject
Global
	GlobalSection(SolutionConfigurationPlatforms) = preSolution
		Debug|Any CPU = Debug|Any CPU
		Release|Any CPU = Release|Any CPU
	EndGlobalSection
	GlobalSection(ProjectConfigurationPlatforms) = postSolution
		{2DC5997E-7F6E-443B-9670-29F4DF3280DE}.Debug|Any CPU.ActiveCfg = Debug|Any CPU
		{2DC5997E-7F6E-443B-9670-29F4DF3280DE}.Debug|Any CPU.Build.0 = Debug|Any CPU
		{2DC5997E-7F6E-443B-9670-29F4DF3280DE}.Debug|Any CPU.Deploy.0 = Debug|Any CPU
		{2DC5997E-7F6E-443B-9670-29F4DF3280DE}.Release|Any CPU.ActiveCfg = Release|Any CPU
		{2DC5997E-7F6E-443B-9670-29F4DF3280DE}.Release|Any CPU.Build.0 = Release|Any CPU
		{2DC5997E-7F6E-443B-9670-29F4DF3280DE}.Release|Any CPU.Deploy.0 = Release|Any CPU
		{B4848437-1263-4783-9E16-8568F4DFF08B}.Debug|Any CPU.ActiveCfg = Debug|Any CPU
		{B4848437-1263-4783-9E16-8568F4DFF08B}.Debug|Any CPU.Build.0 = Debug|Any CPU
		{B4848437-1263-4783-9E16-8568F4DFF08B}.Debug|Any CPU.Deploy.0 = Debug|Any CPU
		{B4848437-1263-4783-9E16-8568F4DFF08B}.Release|Any CPU.ActiveCfg = Release|Any CPU
		{B4848437-1263-4783-9E16-8568F4DFF08B}.Release|Any CPU.Build.0 = Release|Any CPU
		{B4848437-1263-4783-9E16-8568F4DFF08B}.Release|Any CPU.Deploy.0 = Release|Any CPU
	EndGlobalSection
	GlobalSection(SolutionProperties) = preSolution
		HideSolutionNode = FALSE
	EndGlobalSection
	GlobalSection(NestedProjects) = preSolution
		{2DC5997E-7F6E-443B-9670-29F4DF3280DE} = {9CD85E16-68C7-4929-BCAA-CB744D204627}
	EndGlobalSection
	GlobalSection(ExtensibilityGlobals) = postSolution
		SolutionGuid = {1541649B-1CEB-405D-8F83-1F4C73568732}
	EndGlobalSection
EndGlobal
